<?xml version="1.0" encoding="utf-8"?>
<Project ToolsVersion="4.0" xmlns="http://schemas.microsoft.com/developer/msbuild/2003">
  <ItemGroup>
    <Filter Include="源文件">
      <UniqueIdentifier>{4FC737F1-C7A5-4376-A066-2A32D752A2FF}</UniqueIdentifier>
      <Extensions>cpp;c;cc;cxx;def;odl;idl;hpj;bat;asm;asmx</Extensions>
    </Filter>
    <Filter Include="头文件">
      <UniqueIdentifier>{93995380-89BD-4b04-88EB-625FBE52EBFB}</UniqueIdentifier>
      <Extensions>h;hh;hpp;hxx;hm;inl;inc;xsd</Extensions>
    </Filter>
    <Filter Include="资源文件">
      <UniqueIdentifier>{67DA6AB6-F800-4c08-8B7A-83BB121AAD01}</UniqueIdentifier>
      <Extensions>rc;ico;cur;bmp;dlg;rc2;rct;bin;rgs;gif;jpg;jpeg;jpe;resx;tiff;tif;png;wav;mfcribbon-ms</Extensions>
    </Filter>
    <Filter Include="源文件\ibpp-core">
      <UniqueIdentifier>{14327fea-2146-43ba-a79b-bc1c94712029}</UniqueIdentifier>
    </Filter>
    <Filter Include="头文件\ibpp-core">
      <UniqueIdentifier>{e321a8e4-3f1e-470f-a89d-32de2360562b}</UniqueIdentifier>
    </Filter>
  </ItemGroup>
  <ItemGroup>
    <Text Include="ReadMe.txt" />
  </ItemGroup>
  <ItemGroup>
    <ClInclude Include="FireBirdTest.h">
      <Filter>头文件</Filter>
    </ClInclude>
    <ClInclude Include="FireBirdTestDlg.h">
      <Filter>头文件</Filter>
    </ClInclude>
    <ClInclude Include="stdafx.h">
      <Filter>头文件</Filter>
    </ClInclude>
    <ClInclude Include="targetver.h">
      <Filter>头文件</Filter>
    </ClInclude>
    <ClInclude Include="Resource.h">
      <Filter>头文件</Filter>
    </ClInclude>
    <ClInclude Include="..\ibpp-core\_ibpp.h">
      <Filter>头文件\ibpp-core</Filter>
    </ClInclude>
    <ClInclude Include="..\ibpp-core\ibpp.h">
      <Filter>头文件\ibpp-core</Filter>
    </ClInclude>
  </ItemGroup>
  <ItemGroup>
    <ClCompile Include="FireBirdTest.cpp">
      <Filter>源文件</Filter>
    </ClCompile>
    <ClCompile Include="FireBirdTestDlg.cpp">
      <Filter>源文件</Filter>
    </ClCompile>
    <ClCompile Include="stdafx.cpp">
      <Filter>源文件</Filter>
    </ClCompile>
    <ClCompile Include="..\ibpp-core\_dpb.cpp">
      <Filter>源文件\ibpp-core</Filter>
    </ClCompile>
    <ClCompile Include="..\ibpp-core\_ibpp.cpp">
      <Filter>源文件\ibpp-core</Filter>
    </ClCompile>
    <ClCompile Include="..\ibpp-core\_ibs.cpp">
      <Filter>源文件\ibpp-core</Filter>
    </ClCompile>
    <ClCompile Include="..\ibpp-core\_rb.cpp">
      <Filter>源文件\ibpp-core</Filter>
    </ClCompile>
    <ClCompile Include="..\ibpp-core\_spb.cpp">
      <Filter>源文件\ibpp-core</Filter>
    </ClCompile>
    <ClCompile Include="..\ibpp-core\_tpb.cpp">
      <Filter>源文件\ibpp-core</Filter>
    </ClCompile>
    <ClCompile Include="..\ibpp-core\array.cpp">
      <Filter>源文件\ibpp-core</Filter>
    </ClCompile>
    <ClCompile Include="..\ibpp-core\blob.cpp">
      <Filter>源文件\ibpp-core</Filter>
    </ClCompile>
    <ClCompile Include="..\ibpp-core\database.cpp">
      <Filter>源文件\ibpp-core</Filter>
    </ClCompile>
    <ClCompile Include="..\ibpp-core\date.cpp">
      <Filter>源文件\ibpp-core</Filter>
    </ClCompile>
    <ClCompile Include="..\ibpp-core\dbkey.cpp">
      <Filter>源文件\ibpp-core</Filter>
    </ClCompile>
    <ClCompile Include="..\ibpp-core\events.cpp">
      <Filter>源文件\ibpp-core</Filter>
    </ClCompile>
    <ClCompile Include="..\ibpp-core\exception.cpp">
      <Filter>源文件\ibpp-core</Filter>
    </ClCompile>
    <ClCompile Include="..\ibpp-core\row.cpp">
      <Filter>源文件\ibpp-core</Filter>
    </ClCompile>
    <ClCompile Include="..\ibpp-core\service.cpp">
      <Filter>源文件\ibpp-core</Filter>
    </ClCompile>
    <ClCompile Include="..\ibpp-core\statement.cpp">
      <Filter>源文件\ibpp-core</Filter>
    </ClCompile>
    <ClCompile Include="..\ibpp-core\time.cpp">
      <Filter>源文件\ibpp-core</Filter>
    </ClCompile>
    <ClCompile Include="..\ibpp-core\transaction.cpp">
      <Filter>源文件\ibpp-core</Filter>
    </ClCompile>
    <ClCompile Include="..\ibpp-core\user.cpp">
      <Filter>源文件\ibpp-core</Filter>
    </ClCompile>
  </ItemGroup>
  <ItemGroup>
    <ResourceCompile Include="FireBirdTest.rc">
      <Filter>资源文件</Filter>
    </ResourceCompile>
  </ItemGroup>
  <ItemGroup>
    <None Include="res\FireBirdTest.rc2">
      <Filter>资源文件</Filter>
    </None>
  </ItemGroup>
  <ItemGroup>
    <Image Include="res\FireBirdTest.ico">
      <Filter>资源文件</Filter>
    </Image>
  </ItemGroup>
</Project>